
Microsoft Visual Studio Solution File, Format Version 12.00
Project("{FAE04EC0-301F-11D3-BF4B-00C04F79EFBC}") = "SceneSwitcher", "SceneSwitcher\SceneSwitcher.csproj", "{3944E95D-EC48-4CE3-BA60-11FCF352E257}"
EndProject
Global
	GlobalSection(SolutionConfigurationPlatforms) = preSolution
		Debug|Any CPU = Debug|Any CPU
		Release|Any CPU = Release|Any CPU
	EndGlobalSection
	GlobalSection(ProjectConfigurationPlatforms) = postSolution
		{3944E95D-EC48-4CE3-BA60-11FCF352E257}.Debug|Any CPU.ActiveCfg = Debug|Any CPU
		{3944E95D-EC48-4CE3-BA60-11FCF352E257}.Debug|Any CPU.Build.0 = Debug|Any CPU
		{3944E95D-EC48-4CE3-BA60-11FCF352E257}.Release|Any CPU.ActiveCfg = Release|Any CPU
		{3944E95D-EC48-4CE3-BA60-11FCF352E257}.Release|Any CPU.Build.0 = Release|Any CPU
	EndGlobalSection
EndGlobal
